PODS:
  - Expecta (1.0.6)
  - "Expecta+Snapshots (3.1.1)":
    - Expecta (~> 1.0)
    - FBSnapshotTestCase/Core (~> 2.0)
    - Specta (~> 1.0)
  - FBSnapshotTestCase (2.1.4):
    - FBSnapshotTestCase/SwiftSupport (= 2.1.4)
  - FBSnapshotTestCase/Core (2.1.4)
  - FBSnapshotTestCase/SwiftSupport (2.1.4):
    - FBSnapshotTestCase/Core
  - HHChatKit (0.1.6):
    - SDWebImage (~> 5.8.4)
    - SocketRocket (~> 0.5.1)
    - YYModel (~> 1.0.4)
  - SDWebImage (5.8.4):
    - SDWebImage/Core (= 5.8.4)
  - SDWebImage/Core (5.8.4)
  - SocketRocket (0.5.1)
  - Specta (1.0.7)
  - YYModel (1.0.4)

DEPENDENCIES:
  - Expecta
  - "Expecta+Snapshots"
  - FBSnapshotTestCase
  - HHChatKit (from `../`)
  - Specta

SPEC REPOS:
  trunk:
    - Expecta
    - "Expecta+Snapshots"
    - FBSnapshotTestCase
    - SDWebImage
    - SocketRocket
    - Specta
    - YYModel

EXTERNAL SOURCES:
  HHChatKit:
    :path: "../"

SPEC CHECKSUMS:
  Expecta: 3b6bd90a64b9a1dcb0b70aa0e10a7f8f631667d5
  "Expecta+Snapshots": dcff217eef506dabd6dfdc7864ea2da321fafbb8
  FBSnapshotTestCase: 094f9f314decbabe373b87cc339bea235a63e07a
  HHChatKit: 763c95eac155002386f6e91215bb339c6bed5f8e
  SDWebImage: cf6922231e95550934da2ada0f20f2becf2ceba9
  SocketRocket: d57c7159b83c3c6655745cd15302aa24b6bae531
  Specta: 3e1bd89c3517421982dc4d1c992503e48bd5fe66
  YYModel: 2a7fdd96aaa4b86a824e26d0c517de8928c04b30

PODFILE CHECKSUM: 6d88d1b0489ec873622d2f0c5690e7c33a326759

COCOAPODS: 1.10.0.beta.2
